lockfileVersion: '6.0'

devDependencies:
  '@assemblyscript/wasi-shim':
    specifier: ^0.1.0
    version: 0.1.0
  assemblyscript:
    specifier: ^0.27.1
    version: 0.27.1

packages:

  /@assemblyscript/wasi-shim@0.1.0:
    resolution: {integrity: sha512-fSLH7MdJHf2uDW5llA5VCF/CG62Jp2WkYGui9/3vIWs3jDhViGeQF7nMYLUjpigluM5fnq61I6obtCETy39FZw==}
    dev: true

  /assemblyscript@0.27.1:
    resolution: {integrity: sha512-0ZS9ujdoSAjuwc+qdZ4PeZy32wFh3U2GVy7/G2dfDr/5i0jOmWY29AaFsiNxDQ7z6MOeTo9YpNLfIqZ1WWzh8A==}
    engines: {node: '>=16', npm: '>=7'}
    hasBin: true
    dependencies:
      binaryen: 111.0.0-nightly.20230202
      long: 5.2.1
    dev: true

  /binaryen@111.0.0-nightly.20230202:
    resolution: {integrity: sha512-aGMDtxmc8zQHzAamyOBvO38n2e/GuXM0dZCJg+IuG2YUQODTqI37XSkAixS8c0wXn2dgLntDMk1VDblKCsy0GA==}
    hasBin: true
    dev: true

  /long@5.2.1:
    resolution: {integrity: sha512-GKSNGeNAtw8IryjjkhZxuKB3JzlcLTwjtiQCHKvqQet81I93kXslhDQruGI/QsddO83mcDToBVy7GqGS/zYf/A==}
    dev: true
